{
  "nodes": {
    "nixpkgs": {
      "locked": {
        "lastModified": 1780058396,
        "narHash": "sha256-tOmX9WrZO0ZMuwCuCmUPZZbrBgHf/Roll6R6d+k5074=",
        "owner": "nixos",
        "repo": "nixpkgs",
        "rev": "282bc8530ef716e83e71090c7750c398108810f4",
        "type": "github"
      },
      "original": {
        "owner": "nixos",
        "ref": "release-26.05",
        "repo": "nixpkgs",
        "type": "github"
      }
    },
    "root": {
      "inputs": {
        "nixpkgs": "nixpkgs"
      }
    }
  },
  "root": "root",
  "version": 7
}
